<?xml version="1.0" encoding="utf-8"?>
<Project ToolsVersion="4.0" xmlns="http://schemas.microsoft.com/developer/msbuild/2003">
  <ItemGroup>
    <Filter Include="Controlers">
      <UniqueIdentifier>{b545a603-b8b4-4b5f-9436-a68317b3c1d2}</UniqueIdentifier>
    </Filter>
    <Filter Include="Views">
      <UniqueIdentifier>{121ed473-d3b8-414c-bad7-1631d8010238}</UniqueIdentifier>
    </Filter>
  </ItemGroup>
</Project>